
Microsoft Visual Studio Solution File, Format Version 12.00
# Visual Studio Version 17
VisualStudioVersion = 17.7.34221.43
MinimumVisualStudioVersion = 10.0.40219.1
Project("{FAE04EC0-301F-11D3-BF4B-00C04F79EFBC}") = "ReactDemo", "ReactDemo.csproj", "{AAF967DB-E5CC-4424-BB78-8EF56A3272D0}"
EndProject
Global
	GlobalSection(SolutionConfigurationPlatforms) = preSolution
		Debug|Any CPU = Debug|Any CPU
		Release|Any CPU = Release|Any CPU
	EndGlobalSection
	GlobalSection(ProjectConfigurationPlatforms) = postSolution
		{AAF967DB-E5CC-4424-BB78-8EF56A3272D0}.Debug|Any CPU.ActiveCfg = Debug|Any CPU
		{AAF967DB-E5CC-4424-BB78-8EF56A3272D0}.Debug|Any CPU.Build.0 = Debug|Any CPU
		{AAF967DB-E5CC-4424-BB78-8EF56A3272D0}.Release|Any CPU.ActiveCfg = Release|Any CPU
		{AAF967DB-E5CC-4424-BB78-8EF56A3272D0}.Release|Any CPU.Build.0 = Release|Any CPU
	EndGlobalSection
	GlobalSection(SolutionProperties) = preSolution
		HideSolutionNode = FALSE
	EndGlobalSection
	GlobalSection(ExtensibilityGlobals) = postSolution
		SolutionGuid = {95427280-F51C-46E6-ADC1-8D0F8E170173}
	EndGlobalSection
EndGlobal
